
Microsoft Visual Studio Solution File, Format Version 12.00
# Visual Studio Version 16
VisualStudioVersion = 16.0.29926.136
MinimumVisualStudioVersion = 10.0.40219.1
Project("{FAE04EC0-301F-11D3-BF4B-00C04F79EFBC}") = "AppCellTypes.Android", "AppCellTypes\AppCellTypes.Android\AppCellTypes.Android.csproj", "{9F068D30-D09F-4D35-8DB3-CB63F7BDE98A}"
EndProject
Project("{FAE04EC0-301F-11D3-BF4B-00C04F79EFBC}") = "AppCellTypes", "AppCellTypes\AppCellTypes\AppCellTypes.csproj", "{1EACF98C-AF84-493A-AED6-12C01AF63727}"
EndProject
Global
	GlobalSection(SolutionConfigurationPlatforms) = preSolution
		Debug|Any CPU = Debug|Any CPU
		Release|Any CPU = Release|Any CPU
	EndGlobalSection
	GlobalSection(ProjectConfigurationPlatforms) = postSolution
		{9F068D30-D09F-4D35-8DB3-CB63F7BDE98A}.Debug|Any CPU.ActiveCfg = Debug|Any CPU
		{9F068D30-D09F-4D35-8DB3-CB63F7BDE98A}.Debug|Any CPU.Build.0 = Debug|Any CPU
		{9F068D30-D09F-4D35-8DB3-CB63F7BDE98A}.Debug|Any CPU.Deploy.0 = Debug|Any CPU
		{9F068D30-D09F-4D35-8DB3-CB63F7BDE98A}.Release|Any CPU.ActiveCfg = Release|Any CPU
		{9F068D30-D09F-4D35-8DB3-CB63F7BDE98A}.Release|Any CPU.Build.0 = Release|Any CPU
		{9F068D30-D09F-4D35-8DB3-CB63F7BDE98A}.Release|Any CPU.Deploy.0 = Release|Any CPU
		{1EACF98C-AF84-493A-AED6-12C01AF63727}.Debug|Any CPU.ActiveCfg = Debug|Any CPU
		{1EACF98C-AF84-493A-AED6-12C01AF63727}.Debug|Any CPU.Build.0 = Debug|Any CPU
		{1EACF98C-AF84-493A-AED6-12C01AF63727}.Debug|Any CPU.Deploy.0 = Debug|Any CPU
		{1EACF98C-AF84-493A-AED6-12C01AF63727}.Release|Any CPU.ActiveCfg = Release|Any CPU
		{1EACF98C-AF84-493A-AED6-12C01AF63727}.Release|Any CPU.Build.0 = Release|Any CPU
		{1EACF98C-AF84-493A-AED6-12C01AF63727}.Release|Any CPU.Deploy.0 = Release|Any CPU
	EndGlobalSection
	GlobalSection(SolutionProperties) = preSolution
		HideSolutionNode = FALSE
	EndGlobalSection
	GlobalSection(ExtensibilityGlobals) = postSolution
		SolutionGuid = {75E924FA-4E70-46F2-9BEF-0C1F6D7E6499}
	EndGlobalSection
EndGlobal
